
Microsoft Visual Studio Solution File, Format Version 12.00
# Visual Studio Version 17
VisualStudioVersion = 17.1.32319.34
MinimumVisualStudioVersion = 10.0.40219.1
Project("{FAE04EC0-301F-11D3-BF4B-00C04F79EFBC}") = "HelloCsharp", "HelloCsharp\HelloCsharp.csproj", "{EFA54AF5-AA86-496D-ABE9-88C4C741A61B}"
EndProject
Global
	GlobalSection(SolutionConfigurationPlatforms) = preSolution
		Debug|Any CPU = Debug|Any CPU
		Release|Any CPU = Release|Any CPU
	EndGlobalSection
	GlobalSection(ProjectConfigurationPlatforms) = postSolution
		{EFA54AF5-AA86-496D-ABE9-88C4C741A61B}.Debug|Any CPU.ActiveCfg = Debug|Any CPU
		{EFA54AF5-AA86-496D-ABE9-88C4C741A61B}.Debug|Any CPU.Build.0 = Debug|Any CPU
		{EFA54AF5-AA86-496D-ABE9-88C4C741A61B}.Release|Any CPU.ActiveCfg = Release|Any CPU
		{EFA54AF5-AA86-496D-ABE9-88C4C741A61B}.Release|Any CPU.Build.0 = Release|Any CPU
	EndGlobalSection
	GlobalSection(SolutionProperties) = preSolution
		HideSolutionNode = FALSE
	EndGlobalSection
	GlobalSection(ExtensibilityGlobals) = postSolution
		SolutionGuid = {CD4E1FB0-82D1-4293-9438-FCA49394F85C}
	EndGlobalSection
EndGlobal
